
Microsoft Visual Studio Solution File, Format Version 12.00
# Visual Studio Version 16
VisualStudioVersion = 16.0.30626.31
MinimumVisualStudioVersion = 10.0.40219.1
Project("{FAE04EC0-301F-11D3-BF4B-00C04F79EFBC}") = "BlazorDotNetPublishDemo.Server", "BlazorDotNetPublishDemo\Server\BlazorDotNetPublishDemo.Server.csproj", "{F4677EEC-07C7-4136-BCDC-89255D186D36}"
EndProject
Project("{FAE04EC0-301F-11D3-BF4B-00C04F79EFBC}") = "BlazorDotNetPublishDemo.Client", "BlazorDotNetPublishDemo\Client\BlazorDotNetPublishDemo.Client.csproj", "{34A6E9CF-F31F-4DB9-B979-D6D0EDD42E39}"
EndProject
Project("{FAE04EC0-301F-11D3-BF4B-00C04F79EFBC}") = "BlazorDotNetPublishDemo.Shared", "BlazorDotNetPublishDemo\Shared\BlazorDotNetPublishDemo.Shared.csproj", "{F375B851-C96E-4B74-A768-BCD0AB87FD63}"
EndProject
Global
	GlobalSection(SolutionConfigurationPlatforms) = preSolution
		Debug|Any CPU = Debug|Any CPU
		Release|Any CPU = Release|Any CPU
	EndGlobalSection
	GlobalSection(ProjectConfigurationPlatforms) = postSolution
		{F4677EEC-07C7-4136-BCDC-89255D186D36}.Debug|Any CPU.ActiveCfg = Debug|Any CPU
		{F4677EEC-07C7-4136-BCDC-89255D186D36}.Debug|Any CPU.Build.0 = Debug|Any CPU
		{F4677EEC-07C7-4136-BCDC-89255D186D36}.Release|Any CPU.ActiveCfg = Release|Any CPU
		{F4677EEC-07C7-4136-BCDC-89255D186D36}.Release|Any CPU.Build.0 = Release|Any CPU
		{34A6E9CF-F31F-4DB9-B979-D6D0EDD42E39}.Debug|Any CPU.ActiveCfg = Debug|Any CPU
		{34A6E9CF-F31F-4DB9-B979-D6D0EDD42E39}.Debug|Any CPU.Build.0 = Debug|Any CPU
		{34A6E9CF-F31F-4DB9-B979-D6D0EDD42E39}.Release|Any CPU.ActiveCfg = Release|Any CPU
		{34A6E9CF-F31F-4DB9-B979-D6D0EDD42E39}.Release|Any CPU.Build.0 = Release|Any CPU
		{F375B851-C96E-4B74-A768-BCD0AB87FD63}.Debug|Any CPU.ActiveCfg = Debug|Any CPU
		{F375B851-C96E-4B74-A768-BCD0AB87FD63}.Debug|Any CPU.Build.0 = Debug|Any CPU
		{F375B851-C96E-4B74-A768-BCD0AB87FD63}.Release|Any CPU.ActiveCfg = Release|Any CPU
		{F375B851-C96E-4B74-A768-BCD0AB87FD63}.Release|Any CPU.Build.0 = Release|Any CPU
	EndGlobalSection
	GlobalSection(SolutionProperties) = preSolution
		HideSolutionNode = FALSE
	EndGlobalSection
	GlobalSection(ExtensibilityGlobals) = postSolution
		SolutionGuid = {77AC66F6-0084-4572-A6EE-037DFCC87F75}
	EndGlobalSection
EndGlobal
